{
  "version": "2",
  "remote": {
    "https://deno.land/std@0.138.0/_util/assert.ts": "e94f2eb37cebd7f199952e242c77654e43333c1ac4c5c700e929ea3aa5489f74",
    "https://deno.land/std@0.138.0/bytes/bytes_list.ts": "67eb118e0b7891d2f389dad4add35856f4ad5faab46318ff99653456c23b025d",
    "https://deno.land/std@0.138.0/bytes/equals.ts": "fc16dff2090cced02497f16483de123dfa91e591029f985029193dfaa9d894c9",
    "https://deno.land/std@0.138.0/bytes/mod.ts": "763f97d33051cc3f28af1a688dfe2830841192a9fea0cbaa55f927b49d49d0bf",
    "https://deno.land/std@0.138.0/fmt/colors.ts": "30455035d6d728394781c10755351742dd731e3db6771b1843f9b9e490104d37",
    "https://deno.land/std@0.138.0/io/buffer.ts": "bd0c4bf53db4b4be916ca5963e454bddfd3fcd45039041ea161dbf826817822b",
    "https://deno.land/std@0.138.0/io/files.ts": "d199ef64e918a256320ba8d8d44ae91de87c9077df8f8d6cca013f1b9fbbe285",
    "https://deno.land/std@0.138.0/io/mod.ts": "8e5b5faf516e4a49d2b13a7f53178b15e6961011788530ba0c0cf0f559d3464c",
    "https://deno.land/std@0.138.0/io/readers.ts": "15062a8863e6df8503ac6629924d04c5e65cf3da15997470525e705831a810c8",
    "https://deno.land/std@0.138.0/io/streams.ts": "988a19155b52161f0035ce539e2f1d12edbc4c389fa7633da832a64e6edbe1a0",
    "https://deno.land/std@0.138.0/io/types.d.ts": "01f60ae7ec02675b5dbed150d258fc184a78dfe5c209ef53ba4422b46b58822c",
    "https://deno.land/std@0.138.0/io/util.ts": "078da53bba767bec0d45f7da44411f6dbf269e51ef7fcfea5e3714e04681c674",
    "https://deno.land/std@0.138.0/io/writers.ts": "5db9995d2afc7ed391c88c6b441457df6fad6a0b09653e54c1dcd0387ab947fd",
    "https://deno.land/std@0.138.0/streams/conversion.ts": "712585bfa0172a97fb68dd46e784ae8ad59d11b88079d6a4ab098ff42e697d21",
    "https://deno.land/std@0.138.0/testing/_diff.ts": "029a00560b0d534bc0046f1bce4bd36b3b41ada3f2a3178c85686eb2ff5f1413",
    "https://deno.land/std@0.138.0/testing/_format.ts": "0d8dc79eab15b67cdc532826213bbe05bccfd276ca473a50a3fc7bbfb7260642",
    "https://deno.land/std@0.138.0/testing/asserts.ts": "dc7ab67b635063989b4aec8620dbcc6fa7c2465f2d9c856bddf8c0e7b45b4481",
    "https://deno.land/std@0.174.0/dotenv/mod.ts": "6e1dbc4737e3f62a5c1f3d2a26a0e5626fb168a198375bef574fedbe86a79f20",
    "https://deno.land/std@0.185.0/collections/filter_values.ts": "5b9feaf17b9a6e5ffccdd36cf6f38fa4ffa94cff2602d381c2ad0c2a97929652",
    "https://deno.land/std@0.185.0/collections/without_all.ts": "a89f5da0b5830defed4f59666e188df411d8fece35a5f6ca69be6ca71a95c185",
    "https://deno.land/std@0.185.0/dotenv/mod.ts": "f5a8123741d1561ae8184a7f043bc097b15132c5171c651142b804b6dbc21853",
    "https://deno.land/std@v0.55.0/encoding/utf8.ts": "8654fa820aa69a37ec5eb11908e20b39d056c9bf1c23ab294303ff467f3d50a1",
    "https://deno.land/x/ansi@1.0.1/clear.ts": "444d83749bd171a38e77a7a7d5d270bbf84fbb0ea21f0a62e60c931a11f2bfc1",
    "https://deno.land/x/ansi@1.0.1/constants.ts": "aa51274a1402e017e043f544542e895880eadd67cca3e424884ed228813144bb",
    "https://deno.land/x/ansi@1.0.1/cursor.ts": "cbba999f0f87865401490541e1bf098573491d1c6be411852eaed58f4e39716a",
    "https://deno.land/x/ansi@1.0.1/erase.ts": "50fc48023cf65e7a3ac8305be535955133b6d9d44184d8b9f3dfa5251113716c",
    "https://deno.land/x/ansi@1.0.1/link.ts": "9dff91f666747f09f9c7a58f7d02781142483003bab6fe44612e2081f93dd2ac",
    "https://deno.land/x/ansi@1.0.1/mod.ts": "10a10101feb7da0e565214f725a3d8e79b3e4a2d8cb22cdeaba1a21a53889945",
    "https://deno.land/x/ansi@1.0.1/scroll.ts": "071a30cbd84b66de2eb24752ef97ceff475a2fc22aa2f6283baaa904208bda69",
    "https://deno.land/x/inquirer@v0.0.4/deps.ts": "32cf3986c91fca6b82712e516661fc6b151e380161a3b7a2cea4ddb3ec3624ad",
    "https://deno.land/x/inquirer@v0.0.4/lib/confirm.ts": "c10e989e29b0af3e840b6b6361310a6db78fe8f200a8ed54fa01e815b2419fe2",
    "https://deno.land/x/inquirer@v0.0.4/lib/input.ts": "a4d8967e99867cfb8ee6582b95a073a29b0691340f8725d29f2f4ed05687cf24",
    "https://deno.land/x/inquirer@v0.0.4/lib/progress.ts": "4e9998cd07eedbda6fa74d47b0899471cf56ff609f2f0b6c4a81aab992ecbcff",
    "https://deno.land/x/inquirer@v0.0.4/lib/select.ts": "ccbe65d3f78ad8fdf489f9cb94d67cbe6401120f54488ac0451e44bc433b9b77",
    "https://deno.land/x/inquirer@v0.0.4/lib/utils/async.ts": "f37a6a9ac7d4e497e49d96973aebc3a63c5f492e982c51d23fa0b0d61352af0b",
    "https://deno.land/x/inquirer@v0.0.4/lib/utils/io.ts": "684a9168b5908b9048271b9a076e06e3e11b543bbc464d9b5911ef3cee3d655e",
    "https://deno.land/x/inquirer@v0.0.4/mod.ts": "955e719e6288c5ba2a9fa5f0b7b9af7e87e60d10f5b08a0c6e4dbf08bccec00a",
    "https://deno.land/x/keypress@0.0.4/dep.ts": "f226aeb10b840687f7c74dfe2b44d89897ead447102f152303f657b65b276ab9",
    "https://deno.land/x/keypress@0.0.4/mod.ts": "1130570c2397118a3a301b1137400a8e55486716cc3557b3bd5e9947b6b9c035",
    "https://deno.land/x/nanocolors@0.1.12/mod.ts": "db1298aca23575ef10b3b2ea837b3b1f2453928b1ec662be57ab0411420f01ee"
  }
}
